
Microsoft Visual Studio Solution File, Format Version 12.00
# Visual Studio Version 17
VisualStudioVersion = 17.4.33213.308
MinimumVisualStudioVersion = 10.0.40219.1
Project("{8BC9CEB8-8B4A-11D0-8D11-00A0C91BC942}") = "prog 2 lab 5", "prog 2 lab 5\prog 2 lab 5.vcxproj", "{AAC473C7-F83C-418F-B3FF-D9063AA24026}"
EndProject
Global
	GlobalSection(SolutionConfigurationPlatforms) = preSolution
		Debug|x64 = Debug|x64
		Debug|x86 = Debug|x86
		Release|x64 = Release|x64
		Release|x86 = Release|x86
	EndGlobalSection
	GlobalSection(ProjectConfigurationPlatforms) = postSolution
		{AAC473C7-F83C-418F-B3FF-D9063AA24026}.Debug|x64.ActiveCfg = Debug|x64
		{AAC473C7-F83C-418F-B3FF-D9063AA24026}.Debug|x64.Build.0 = Debug|x64
		{AAC473C7-F83C-418F-B3FF-D9063AA24026}.Debug|x86.ActiveCfg = Debug|Win32
		{AAC473C7-F83C-418F-B3FF-D9063AA24026}.Debug|x86.Build.0 = Debug|Win32
		{AAC473C7-F83C-418F-B3FF-D9063AA24026}.Release|x64.ActiveCfg = Release|x64
		{AAC473C7-F83C-418F-B3FF-D9063AA24026}.Release|x64.Build.0 = Release|x64
		{AAC473C7-F83C-418F-B3FF-D9063AA24026}.Release|x86.ActiveCfg = Release|Win32
		{AAC473C7-F83C-418F-B3FF-D9063AA24026}.Release|x86.Build.0 = Release|Win32
	EndGlobalSection
	GlobalSection(SolutionProperties) = preSolution
		HideSolutionNode = FALSE
	EndGlobalSection
	GlobalSection(ExtensibilityGlobals) = postSolution
		SolutionGuid = {5B5C41C3-22CE-449F-BD70-AD2E22ECE144}
	EndGlobalSection
EndGlobal
